
Microsoft Visual Studio Solution File, Format Version 12.00
# Visual Studio Version 17
VisualStudioVersion = 17.3.32929.385
MinimumVisualStudioVersion = 10.0.40219.1
Project("{FAE04EC0-301F-11D3-BF4B-00C04F79EFBC}") = "Uppgift13", "Uppgift13\Uppgift13.csproj", "{3B7891C9-5057-401F-979F-A9B5E3A4CC13}"
EndProject
Global
	GlobalSection(SolutionConfigurationPlatforms) = preSolution
		Debug|Any CPU = Debug|Any CPU
		Release|Any CPU = Release|Any CPU
	EndGlobalSection
	GlobalSection(ProjectConfigurationPlatforms) = postSolution
		{3B7891C9-5057-401F-979F-A9B5E3A4CC13}.Debug|Any CPU.ActiveCfg = Debug|Any CPU
		{3B7891C9-5057-401F-979F-A9B5E3A4CC13}.Debug|Any CPU.Build.0 = Debug|Any CPU
		{3B7891C9-5057-401F-979F-A9B5E3A4CC13}.Release|Any CPU.ActiveCfg = Release|Any CPU
		{3B7891C9-5057-401F-979F-A9B5E3A4CC13}.Release|Any CPU.Build.0 = Release|Any CPU
	EndGlobalSection
	GlobalSection(SolutionProperties) = preSolution
		HideSolutionNode = FALSE
	EndGlobalSection
	GlobalSection(ExtensibilityGlobals) = postSolution
		SolutionGuid = {896B6586-4189-45D9-BC6A-C41D3188DAE3}
	EndGlobalSection
EndGlobal
