
Microsoft Visual Studio Solution File, Format Version 12.00
# Visual Studio Version 17
VisualStudioVersion = 17.3.32929.385
MinimumVisualStudioVersion = 10.0.40219.1
Project("{9A19103F-16F7-4668-BE54-9A1E7A4F7556}") = "Uppgift4", "Uppgift4\Uppgift4.csproj", "{AD611A9F-FF82-424D-9E96-C9984C33BF63}"
EndProject
Global
	GlobalSection(SolutionConfigurationPlatforms) = preSolution
		Debug|Any CPU = Debug|Any CPU
		Release|Any CPU = Release|Any CPU
	EndGlobalSection
	GlobalSection(ProjectConfigurationPlatforms) = postSolution
		{AD611A9F-FF82-424D-9E96-C9984C33BF63}.Debug|Any CPU.ActiveCfg = Debug|Any CPU
		{AD611A9F-FF82-424D-9E96-C9984C33BF63}.Debug|Any CPU.Build.0 = Debug|Any CPU
		{AD611A9F-FF82-424D-9E96-C9984C33BF63}.Release|Any CPU.ActiveCfg = Release|Any CPU
		{AD611A9F-FF82-424D-9E96-C9984C33BF63}.Release|Any CPU.Build.0 = Release|Any CPU
	EndGlobalSection
	GlobalSection(SolutionProperties) = preSolution
		HideSolutionNode = FALSE
	EndGlobalSection
	GlobalSection(ExtensibilityGlobals) = postSolution
		SolutionGuid = {AF6BC1F5-FDD1-4F09-B712-F9B20F0D6CDA}
	EndGlobalSection
EndGlobal
