
Microsoft Visual Studio Solution File, Format Version 12.00
# Visual Studio Version 17
VisualStudioVersion = 17.3.32929.385
MinimumVisualStudioVersion = 10.0.40219.1
Project("{FAE04EC0-301F-11D3-BF4B-00C04F79EFBC}") = "Uppgift10Bb", "Uppgift10Bb\Uppgift10Bb.csproj", "{D0319D8B-7465-4394-B05A-18CDD350784A}"
EndProject
Global
	GlobalSection(SolutionConfigurationPlatforms) = preSolution
		Debug|Any CPU = Debug|Any CPU
		Release|Any CPU = Release|Any CPU
	EndGlobalSection
	GlobalSection(ProjectConfigurationPlatforms) = postSolution
		{D0319D8B-7465-4394-B05A-18CDD350784A}.Debug|Any CPU.ActiveCfg = Debug|Any CPU
		{D0319D8B-7465-4394-B05A-18CDD350784A}.Debug|Any CPU.Build.0 = Debug|Any CPU
		{D0319D8B-7465-4394-B05A-18CDD350784A}.Release|Any CPU.ActiveCfg = Release|Any CPU
		{D0319D8B-7465-4394-B05A-18CDD350784A}.Release|Any CPU.Build.0 = Release|Any CPU
	EndGlobalSection
	GlobalSection(SolutionProperties) = preSolution
		HideSolutionNode = FALSE
	EndGlobalSection
	GlobalSection(ExtensibilityGlobals) = postSolution
		SolutionGuid = {7143A866-6432-4482-AC32-D71EC3C14615}
	EndGlobalSection
EndGlobal
